
Microsoft Visual Studio Solution File, Format Version 12.00
# Visual Studio Version 17
VisualStudioVersion = 17.11.35222.181
MinimumVisualStudioVersion = 10.0.40219.1
Project("{FAE04EC0-301F-11D3-BF4B-00C04F79EFBC}") = "To_Do_List", "To_Do_List.csproj", "{375FB736-55D4-4EA0-87CE-8E3FFED02EFC}"
EndProject
Global
	GlobalSection(SolutionConfigurationPlatforms) = preSolution
		Debug|Any CPU = Debug|Any CPU
		Release|Any CPU = Release|Any CPU
	EndGlobalSection
	GlobalSection(ProjectConfigurationPlatforms) = postSolution
		{375FB736-55D4-4EA0-87CE-8E3FFED02EFC}.Debug|Any CPU.ActiveCfg = Debug|Any CPU
		{375FB736-55D4-4EA0-87CE-8E3FFED02EFC}.Debug|Any CPU.Build.0 = Debug|Any CPU
		{375FB736-55D4-4EA0-87CE-8E3FFED02EFC}.Release|Any CPU.ActiveCfg = Release|Any CPU
		{375FB736-55D4-4EA0-87CE-8E3FFED02EFC}.Release|Any CPU.Build.0 = Release|Any CPU
	EndGlobalSection
	GlobalSection(SolutionProperties) = preSolution
		HideSolutionNode = FALSE
	EndGlobalSection
	GlobalSection(ExtensibilityGlobals) = postSolution
		SolutionGuid = {BCD916D1-A9CA-463C-B45E-46B5E76002CC}
	EndGlobalSection
EndGlobal
